Microsoft Visual Studio Solution File, Format Version 12.00
# Visual Studio Version 17
VisualStudioVersion = 17.5.2.0
MinimumVisualStudioVersion = 10.0.40219.1
Project("{FAE04EC0-301F-11D3-BF4B-00C04F79EFBC}") = "Zavd2Variant1", "Zavd2Variant1\Zavd2Variant1.csproj", "{575314A9-7F53-2956-E2C2-8BF3470A8D3B}"
EndProject
Global
	GlobalSection(SolutionConfigurationPlatforms) = preSolution
		Debug|Any CPU = Debug|Any CPU
		Release|Any CPU = Release|Any CPU
	EndGlobalSection
	GlobalSection(ProjectConfigurationPlatforms) = postSolution
		{575314A9-7F53-2956-E2C2-8BF3470A8D3B}.Debug|Any CPU.ActiveCfg = Debug|Any CPU
		{575314A9-7F53-2956-E2C2-8BF3470A8D3B}.Debug|Any CPU.Build.0 = Debug|Any CPU
		{575314A9-7F53-2956-E2C2-8BF3470A8D3B}.Release|Any CPU.ActiveCfg = Release|Any CPU
		{575314A9-7F53-2956-E2C2-8BF3470A8D3B}.Release|Any CPU.Build.0 = Release|Any CPU
	EndGlobalSection
	GlobalSection(SolutionProperties) = preSolution
		HideSolutionNode = FALSE
	EndGlobalSection
	GlobalSection(ExtensibilityGlobals) = postSolution
		SolutionGuid = {542FF36F-34B2-4941-B33E-4C4E23EACE6B}
	EndGlobalSection
EndGlobal
